// !$*UTF8*$!
{
	archiveVersion = 1;
	classes = {
	};
	objectVersion = 56;
	objects = {

/* Begin PBXBuildFile section */
		7414BDBE2BF50753003E242C /* PianoTranscriberApp.swift in Sources */ = {isa = PBXBuildFile; fileRef = 7414BDBD2BF50753003E242C /* PianoTranscriberApp.swift */; };
		7414BDC02BF50753003E242C /* ContentView.swift in Sources */ = {isa = PBXBuildFile; fileRef = 7414BDBF2BF50753003E242C /* ContentView.swift */; };
		7414BDC22BF50755003E242C /* Assets.xcassets in Resources */ = {isa = PBXBuildFile; fileRef = 7414BDC12BF50755003E242C /* Assets.xcassets */; };
		7414BDC52BF50755003E242C /* Preview Assets.xcassets in Resources */ = {isa = PBXBuildFile; fileRef = 7414BDC42BF50755003E242C /* Preview Assets.xcassets */; };
		7414BDCF2BF50755003E242C /* PianoTranscriberTests.swift in Sources */ = {isa = PBXBuildFile; fileRef = 7414BDCE2BF50755003E242C /* PianoTranscriberTests.swift */; };
		7414BDD92BF50755003E242C /* PianoTranscriberUITests.swift in Sources */ = {isa = PBXBuildFile; fileRef = 7414BDD82BF50755003E242C /* PianoTranscriberUITests.swift */; };
		7414BDDB2BF50755003E242C /* PianoTranscriberUITestsLaunchTests.swift in Sources */ = {isa = PBXBuildFile; fileRef = 7414BDDA2BF50755003E242C /* PianoTranscriberUITestsLaunchTests.swift */; };
		746820B82BF5097D00CB4015 /* ModelManager.swift in Sources */ = {isa = PBXBuildFile; fileRef = 746820B72BF5097D00CB4015 /* ModelManager.swift */; };
		746820C12BF647C600CB4015 /* ModelUtils.swift in Sources */ = {isa = PBXBuildFile; fileRef = 746820C02BF647C600CB4015 /* ModelUtils.swift */; };
		746820E12BFCE79600CB4015 /* AudioFilePicker.swift in Sources */ = {isa = PBXBuildFile; fileRef = 746820E02BFCE79600CB4015 /* AudioFilePicker.swift */; };
		746821092C0493F100CB4015 /* InferenceProgressView.swift in Sources */ = {isa = PBXBuildFile; fileRef = 746821082C0493F100CB4015 /* InferenceProgressView.swift */; };
		7468210E2C06018900CB4015 /* PianoRollScene.swift in Sources */ = {isa = PBXBuildFile; fileRef = 7468210D2C06018900CB4015 /* PianoRollScene.swift */; };
		746821102C06095F00CB4015 /* PianoRollView.swift in Sources */ = {isa = PBXBuildFile; fileRef = 7468210F2C06095F00CB4015 /* PianoRollView.swift */; };
		746821122C076D8B00CB4015 /* AudioManager.swift in Sources */ = {isa = PBXBuildFile; fileRef = 746821112C076D8B00CB4015 /* AudioManager.swift */; };
		74B617F42C19E6E00099BF75 /* PianoRollViewModel.swift in Sources */ = {isa = PBXBuildFile; fileRef = 74B617F32C19E6E00099BF75 /* PianoRollViewModel.swift */; };
		74B617F62C1B0F010099BF75 /* Pods_PianoTranscriber.framework in Frameworks */ = {isa = PBXBuildFile; fileRef = 6D8CDC0E0C848156F36733F1 /* Pods_PianoTranscriber.framework */; };
		74B617F72C1B0F010099BF75 /* Pods_PianoTranscriber.framework in Embed Frameworks */ = {isa = PBXBuildFile; fileRef = 6D8CDC0E0C848156F36733F1 /* Pods_PianoTranscriber.framework */; settings = {ATTRIBUTES = (CodeSignOnCopy, RemoveHeadersOnCopy, ); }; };
		74E3C7362C17353A007FD68C /* FileExporterView.swift in Sources */ = {isa = PBXBuildFile; fileRef = 74E3C7352C17353A007FD68C /* FileExporterView.swift */; };
		74E3C7382C17558D007FD68C /* Audio2Midi.mlpackage in Sources */ = {isa = PBXBuildFile; fileRef = 74E3C7372C17558D007FD68C /* Audio2Midi.mlpackage */; };
		74E3C73A2C1869EA007FD68C /* PianoSamples.sf2 in Resources */ = {isa = PBXBuildFile; fileRef = 74E3C7392C1869DC007FD68C /* PianoSamples.sf2 */; };
/* End PBXBuildFile section */

/* Begin PBXContainerItemProxy section */
		7414BDCB2BF50755003E242C /* PBXContainerItemProxy */ = {
			isa = PBXContainerItemProxy;
			containerPortal = 7414BDB22BF50753003E242C /* Project object */;
			proxyType = 1;
			remoteGlobalIDString = 7414BDB92BF50753003E242C;
			remoteInfo = PianoTranscriber;
		};
		7414BDD52BF50755003E242C /* PBXContainerItemProxy */ = {
			isa = PBXContainerItemProxy;
			containerPortal = 7414BDB22BF50753003E242C /* Project object */;
			proxyType = 1;
			remoteGlobalIDString = 7414BDB92BF50753003E242C;
			remoteInfo = PianoTranscriber;
		};
/* End PBXContainerItemProxy section */

/* Begin PBXCopyFilesBuildPhase section */
		74B617F82C1B0F010099BF75 /* Embed Frameworks */ = {
			isa = PBXCopyFilesBuildPhase;
			buildActionMask = 2147483647;
			dstPath = "";
			dstSubfolderSpec = 10;
			files = (
				74B617F72C1B0F010099BF75 /* Pods_PianoTranscriber.framework in Embed Frameworks */,
			);
			name = "Embed Frameworks";
			runOnlyForDeploymentPostprocessing = 0;
		};
/* End PBXCopyFilesBuildPhase section */

/* Begin PBXFileReference section */
		03134EB649542C1BDCFAB008 /* Pods-PianoTranscriber.debug.xcconfig */ = {isa = PBXFileReference; includeInIndex = 1; lastKnownFileType = text.xcconfig; name = "Pods-PianoTranscriber.debug.xcconfig"; path = "Target Support Files/Pods-PianoTranscriber/Pods-PianoTranscriber.debug.xcconfig"; sourceTree = "<group>"; };
		6D8CDC0E0C848156F36733F1 /* Pods_PianoTranscriber.framework */ = {isa = PBXFileReference; explicitFileType = wrapper.framework; includeInIndex = 0; path = Pods_PianoTranscriber.framework; sourceTree = BUILT_PRODUCTS_DIR; };
		7414BDBA2BF50753003E242C /* PianoTranscriber.app */ = {isa = PBXFileReference; explicitFileType = wrapper.application; includeInIndex = 0; path = PianoTranscriber.app; sourceTree = BUILT_PRODUCTS_DIR; };
		7414BDBD2BF50753003E242C /* PianoTranscriberApp.swift */ = {isa = PBXFileReference; lastKnownFileType = sourcecode.swift; path = PianoTranscriberApp.swift; sourceTree = "<group>"; };
		7414BDBF2BF50753003E242C /* ContentView.swift */ = {isa = PBXFileReference; lastKnownFileType = sourcecode.swift; path = ContentView.swift; sourceTree = "<group>"; };
		7414BDC12BF50755003E242C /* Assets.xcassets */ = {isa = PBXFileReference; lastKnownFileType = folder.assetcatalog; path = Assets.xcassets; sourceTree = "<group>"; };
		7414BDC42BF50755003E242C /* Preview Assets.xcassets */ = {isa = PBXFileReference; lastKnownFileType = folder.assetcatalog; path = "Preview Assets.xcassets"; sourceTree = "<group>"; };
		7414BDCA2BF50755003E242C /* PianoTranscriberTests.xctest */ = {isa = PBXFileReference; explicitFileType = wrapper.cfbundle; includeInIndex = 0; path = PianoTranscriberTests.xctest; sourceTree = BUILT_PRODUCTS_DIR; };
		7414BDCE2BF50755003E242C /* PianoTranscriberTests.swift */ = {isa = PBXFileReference; lastKnownFileType = sourcecode.swift; path = PianoTranscriberTests.swift; sourceTree = "<group>"; };
		7414BDD42BF50755003E242C /* PianoTranscriberUITests.xctest */ = {isa = PBXFileReference; explicitFileType = wrapper.cfbundle; includeInIndex = 0; path = PianoTranscriberUITests.xctest; sourceTree = BUILT_PRODUCTS_DIR; };
		7414BDD82BF50755003E242C /* PianoTranscriberUITests.swift */ = {isa = PBXFileReference; lastKnownFileType = sourcecode.swift; path = PianoTranscriberUITests.swift; sourceTree = "<group>"; };
		7414BDDA2BF50755003E242C /* PianoTranscriberUITestsLaunchTests.swift */ = {isa = PBXFileReference; lastKnownFileType = sourcecode.swift; path = PianoTranscriberUITestsLaunchTests.swift; sourceTree = "<group>"; };
		746820B72BF5097D00CB4015 /* ModelManager.swift */ = {isa = PBXFileReference; lastKnownFileType = sourcecode.swift; path = ModelManager.swift; sourceTree = "<group>"; };
		746820C02BF647C600CB4015 /* ModelUtils.swift */ = {isa = PBXFileReference; lastKnownFileType = sourcecode.swift; path = ModelUtils.swift; sourceTree = "<group>"; };
		746820D92BF67DD800CB4015 /* PianoTranscriber-Bridging-Header.h */ = {isa = PBXFileReference; lastKnownFileType = sourcecode.c.h; path = "PianoTranscriber-Bridging-Header.h"; sourceTree = "<group>"; };
		746820E02BFCE79600CB4015 /* AudioFilePicker.swift */ = {isa = PBXFileReference; lastKnownFileType = sourcecode.swift; path = AudioFilePicker.swift; sourceTree = "<group>"; };
		746821082C0493F100CB4015 /* InferenceProgressView.swift */ = {isa = PBXFileReference; lastKnownFileType = sourcecode.swift; path = InferenceProgressView.swift; sourceTree = "<group>"; };
		7468210D2C06018900CB4015 /* PianoRollScene.swift */ = {isa = PBXFileReference; lastKnownFileType = sourcecode.swift; path = PianoRollScene.swift; sourceTree = "<group>"; };
		7468210F2C06095F00CB4015 /* PianoRollView.swift */ = {isa = PBXFileReference; lastKnownFileType = sourcecode.swift; path = PianoRollView.swift; sourceTree = "<group>"; };
		746821112C076D8B00CB4015 /* AudioManager.swift */ = {isa = PBXFileReference; lastKnownFileType = sourcecode.swift; path = AudioManager.swift; sourceTree = "<group>"; };
		74B617F32C19E6E00099BF75 /* PianoRollViewModel.swift */ = {isa = PBXFileReference; lastKnownFileType = sourcecode.swift; path = PianoRollViewModel.swift; sourceTree = "<group>"; };
		74B617F52C19EFBA0099BF75 /* Info.plist */ = {isa = PBXFileReference; lastKnownFileType = text.plist; path = Info.plist; sourceTree = "<group>"; };
		74E3C7352C17353A007FD68C /* FileExporterView.swift */ = {isa = PBXFileReference; lastKnownFileType = sourcecode.swift; path = FileExporterView.swift; sourceTree = "<group>"; };
		74E3C7372C17558D007FD68C /* Audio2Midi.mlpackage */ = {isa = PBXFileReference; lastKnownFileType = folder.mlpackage; path = Audio2Midi.mlpackage; sourceTree = "<group>"; };
		74E3C7392C1869DC007FD68C /* PianoSamples.sf2 */ = {isa = PBXFileReference; lastKnownFileType = file; path = PianoSamples.sf2; sourceTree = "<group>"; };
		A01138D705FC6425CBB9A2B5 /* Pods-PianoTranscriber.release.xcconfig */ = {isa = PBXFileReference; includeInIndex = 1; lastKnownFileType = text.xcconfig; name = "Pods-PianoTranscriber.release.xcconfig"; path = "Target Support Files/Pods-PianoTranscriber/Pods-PianoTranscriber.release.xcconfig"; sourceTree = "<group>"; };
/* End PBXFileReference section */

/* Begin PBXFrameworksBuildPhase section */
		7414BDB72BF50753003E242C /* Frameworks */ = {
			isa = PBXFrameworksBuildPhase;
			buildActionMask = 2147483647;
			files = (
				74B617F62C1B0F010099BF75 /* Pods_PianoTranscriber.framework in Frameworks */,
			);
			runOnlyForDeploymentPostprocessing = 0;
		};
		7414BDC72BF50755003E242C /* Frameworks */ = {
			isa = PBXFrameworksBuildPhase;
			buildActionMask = 2147483647;
			files = (
			);
			runOnlyForDeploymentPostprocessing = 0;
		};
		7414BDD12BF50755003E242C /* Frameworks */ = {
			isa = PBXFrameworksBuildPhase;
			buildActionMask = 2147483647;
			files = (
			);
			runOnlyForDeploymentPostprocessing = 0;
		};
/* End PBXFrameworksBuildPhase section */

/* Begin PBXGroup section */
		59B1A52DAA142E8884E43E70 /* Pods */ = {
			isa = PBXGroup;
			children = (
				03134EB649542C1BDCFAB008 /* Pods-PianoTranscriber.debug.xcconfig */,
				A01138D705FC6425CBB9A2B5 /* Pods-PianoTranscriber.release.xcconfig */,
			);
			path = Pods;
			sourceTree = "<group>";
		};
		7414BDB12BF50753003E242C = {
			isa = PBXGroup;
			children = (
				7414BDBC2BF50753003E242C /* PianoTranscriber */,
				7414BDCD2BF50755003E242C /* PianoTranscriberTests */,
				7414BDD72BF50755003E242C /* PianoTranscriberUITests */,
				7414BDBB2BF50753003E242C /* Products */,
				59B1A52DAA142E8884E43E70 /* Pods */,
				A794B1AB51607FFF5D7EA15B /* Frameworks */,
			);
			sourceTree = "<group>";
		};
		7414BDBB2BF50753003E242C /* Products */ = {
			isa = PBXGroup;
			children = (
				7414BDBA2BF50753003E242C /* PianoTranscriber.app */,
				7414BDCA2BF50755003E242C /* PianoTranscriberTests.xctest */,
				7414BDD42BF50755003E242C /* PianoTranscriberUITests.xctest */,
			);
			name = Products;
			sourceTree = "<group>";
		};
		7414BDBC2BF50753003E242C /* PianoTranscriber */ = {
			isa = PBXGroup;
			children = (
				74B617F52C19EFBA0099BF75 /* Info.plist */,
				7468210A2C0600DD00CB4015 /* PianoRoll */,
				746820BB2BF61F2500CB4015 /* Resources */,
				7414BDBD2BF50753003E242C /* PianoTranscriberApp.swift */,
				7414BDBF2BF50753003E242C /* ContentView.swift */,
				7414BDC12BF50755003E242C /* Assets.xcassets */,
				7414BDC32BF50755003E242C /* Preview Content */,
				746820B72BF5097D00CB4015 /* ModelManager.swift */,
				746820D92BF67DD800CB4015 /* PianoTranscriber-Bridging-Header.h */,
				746820C02BF647C600CB4015 /* ModelUtils.swift */,
				746820E02BFCE79600CB4015 /* AudioFilePicker.swift */,
				746821082C0493F100CB4015 /* InferenceProgressView.swift */,
				74E3C7352C17353A007FD68C /* FileExporterView.swift */,
			);
			path = PianoTranscriber;
			sourceTree = "<group>";
		};
		7414BDC32BF50755003E242C /* Preview Content */ = {
			isa = PBXGroup;
			children = (
				7414BDC42BF50755003E242C /* Preview Assets.xcassets */,
			);
			path = "Preview Content";
			sourceTree = "<group>";
		};
		7414BDCD2BF50755003E242C /* PianoTranscriberTests */ = {
			isa = PBXGroup;
			children = (
				7414BDCE2BF50755003E242C /* PianoTranscriberTests.swift */,
			);
			path = PianoTranscriberTests;
			sourceTree = "<group>";
		};
		7414BDD72BF50755003E242C /* PianoTranscriberUITests */ = {
			isa = PBXGroup;
			children = (
				7414BDD82BF50755003E242C /* PianoTranscriberUITests.swift */,
				7414BDDA2BF50755003E242C /* PianoTranscriberUITestsLaunchTests.swift */,
			);
			path = PianoTranscriberUITests;
			sourceTree = "<group>";
		};
		746820BB2BF61F2500CB4015 /* Resources */ = {
			isa = PBXGroup;
			children = (
				74E3C7372C17558D007FD68C /* Audio2Midi.mlpackage */,
				74E3C7392C1869DC007FD68C /* PianoSamples.sf2 */,
			);
			path = Resources;
			sourceTree = "<group>";
		};
		7468210A2C0600DD00CB4015 /* PianoRoll */ = {
			isa = PBXGroup;
			children = (
				7468210D2C06018900CB4015 /* PianoRollScene.swift */,
				7468210F2C06095F00CB4015 /* PianoRollView.swift */,
				74B617F32C19E6E00099BF75 /* PianoRollViewModel.swift */,
				746821112C076D8B00CB4015 /* AudioManager.swift */,
			);
			path = PianoRoll;
			sourceTree = "<group>";
		};
		A794B1AB51607FFF5D7EA15B /* Frameworks */ = {
			isa = PBXGroup;
			children = (
				6D8CDC0E0C848156F36733F1 /* Pods_PianoTranscriber.framework */,
			);
			name = Frameworks;
			sourceTree = "<group>";
		};
/* End PBXGroup section */

/* Begin PBXNativeTarget section */
		7414BDB92BF50753003E242C /* PianoTranscriber */ = {
			isa = PBXNativeTarget;
			buildConfigurationList = 7414BDDE2BF50755003E242C /* Build configuration list for PBXNativeTarget "PianoTranscriber" */;
			buildPhases = (
				979F2CF2908F713707AD3D31 /* [CP] Check Pods Manifest.lock */,
				7414BDB62BF50753003E242C /* Sources */,
				7414BDB72BF50753003E242C /* Frameworks */,
				7414BDB82BF50753003E242C /* Resources */,
				5F02BCA7DCE7A3DA7A539476 /* [CP] Embed Pods Frameworks */,
				74B617F82C1B0F010099BF75 /* Embed Frameworks */,
			);
			buildRules = (
			);
			dependencies = (
			);
			name = PianoTranscriber;
			productName = PianoTranscriber;
			productReference = 7414BDBA2BF50753003E242C /* PianoTranscriber.app */;
			productType = "com.apple.product-type.application";
		};
		7414BDC92BF50755003E242C /* PianoTranscriberTests */ = {
			isa = PBXNativeTarget;
			buildConfigurationList = 7414BDE12BF50755003E242C /* Build configuration list for PBXNativeTarget "PianoTranscriberTests" */;
			buildPhases = (
				7414BDC62BF50755003E242C /* Sources */,
				7414BDC72BF50755003E242C /* Frameworks */,
				7414BDC82BF50755003E242C /* Resources */,
			);
			buildRules = (
			);
			dependencies = (
				7414BDCC2BF50755003E242C /* PBXTargetDependency */,
			);
			name = PianoTranscriberTests;
			productName = PianoTranscriberTests;
			productReference = 7414BDCA2BF50755003E242C /* PianoTranscriberTests.xctest */;
			productType = "com.apple.product-type.bundle.unit-test";
		};
		7414BDD32BF50755003E242C /* PianoTranscriberUITests */ = {
			isa = PBXNativeTarget;
			buildConfigurationList = 7414BDE42BF50755003E242C /* Build configuration list for PBXNativeTarget "PianoTranscriberUITests" */;
			buildPhases = (
				7414BDD02BF50755003E242C /* Sources */,
				7414BDD12BF50755003E242C /* Frameworks */,
				7414BDD22BF50755003E242C /* Resources */,
			);
			buildRules = (
			);
			dependencies = (
				7414BDD62BF50755003E242C /* PBXTargetDependency */,
			);
			name = PianoTranscriberUITests;
			productName = PianoTranscriberUITests;
			productReference = 7414BDD42BF50755003E242C /* PianoTranscriberUITests.xctest */;
			productType = "com.apple.product-type.bundle.ui-testing";
		};
/* End PBXNativeTarget section */

/* Begin PBXProject section */
		7414BDB22BF50753003E242C /* Project object */ = {
			isa = PBXProject;
			attributes = {
				BuildIndependentTargetsInParallel = 1;
				LastSwiftUpdateCheck = 1530;
				LastUpgradeCheck = 1530;
				TargetAttributes = {
					7414BDB92BF50753003E242C = {
						CreatedOnToolsVersion = 15.3;
						LastSwiftMigration = 1530;
					};
					7414BDC92BF50755003E242C = {
						CreatedOnToolsVersion = 15.3;
						TestTargetID = 7414BDB92BF50753003E242C;
					};
					7414BDD32BF50755003E242C = {
						CreatedOnToolsVersion = 15.3;
						TestTargetID = 7414BDB92BF50753003E242C;
					};
				};
			};
			buildConfigurationList = 7414BDB52BF50753003E242C /* Build configuration list for PBXProject "PianoTranscriber" */;
			compatibilityVersion = "Xcode 14.0";
			developmentRegion = en;
			hasScannedForEncodings = 0;
			knownRegions = (
				en,
				Base,
			);
			mainGroup = 7414BDB12BF50753003E242C;
			productRefGroup = 7414BDBB2BF50753003E242C /* Products */;
			projectDirPath = "";
			projectRoot = "";
			targets = (
				7414BDB92BF50753003E242C /* PianoTranscriber */,
				7414BDC92BF50755003E242C /* PianoTranscriberTests */,
				7414BDD32BF50755003E242C /* PianoTranscriberUITests */,
			);
		};
/* End PBXProject section */

/* Begin PBXResourcesBuildPhase section */
		7414BDB82BF50753003E242C /* Resources */ = {
			isa = PBXResourcesBuildPhase;
			buildActionMask = 2147483647;
			files = (
				7414BDC52BF50755003E242C /* Preview Assets.xcassets in Resources */,
				74E3C73A2C1869EA007FD68C /* PianoSamples.sf2 in Resources */,
				7414BDC22BF50755003E242C /* Assets.xcassets in Resources */,
			);
			runOnlyForDeploymentPostprocessing = 0;
		};
		7414BDC82BF50755003E242C /* Resources */ = {
			isa = PBXResourcesBuildPhase;
			buildActionMask = 2147483647;
			files = (
			);
			runOnlyForDeploymentPostprocessing = 0;
		};
		7414BDD22BF50755003E242C /* Resources */ = {
			isa = PBXResourcesBuildPhase;
			buildActionMask = 2147483647;
			files = (
			);
			runOnlyForDeploymentPostprocessing = 0;
		};
/* End PBXResourcesBuildPhase section */

/* Begin PBXShellScriptBuildPhase section */
		5F02BCA7DCE7A3DA7A539476 /* [CP] Embed Pods Frameworks */ = {
			isa = PBXShellScriptBuildPhase;
			buildActionMask = 2147483647;
			files = (
			);
			inputFileListPaths = (
				"${PODS_ROOT}/Target Support Files/Pods-PianoTranscriber/Pods-PianoTranscriber-frameworks-${CONFIGURATION}-input-files.xcfilelist",
			);
			name = "[CP] Embed Pods Frameworks";
			outputFileListPaths = (
				"${PODS_ROOT}/Target Support Files/Pods-PianoTranscriber/Pods-PianoTranscriber-frameworks-${CONFIGURATION}-output-files.xcfilelist",
			);
			runOnlyForDeploymentPostprocessing = 0;
			shellPath = /bin/sh;
			shellScript = "\"${PODS_ROOT}/Target Support Files/Pods-PianoTranscriber/Pods-PianoTranscriber-frameworks.sh\"\n";
			showEnvVarsInLog = 0;
		};
		979F2CF2908F713707AD3D31 /* [CP] Check Pods Manifest.lock */ = {
			isa = PBXShellScriptBuildPhase;
			buildActionMask = 2147483647;
			files = (
			);
			inputFileListPaths = (
			);
			inputPaths = (
				"${PODS_PODFILE_DIR_PATH}/Podfile.lock",
				"${PODS_ROOT}/Manifest.lock",
			);
			name = "[CP] Check Pods Manifest.lock";
			outputFileListPaths = (
			);
			outputPaths = (
				"$(DERIVED_FILE_DIR)/Pods-PianoTranscriber-checkManifestLockResult.txt",
			);
			runOnlyForDeploymentPostprocessing = 0;
			shellPath = /bin/sh;
			shellScript = "diff \"${PODS_PODFILE_DIR_PATH}/Podfile.lock\" \"${PODS_ROOT}/Manifest.lock\" > /dev/null\nif [ $? != 0 ] ; then\n    # print error to STDERR\n    echo \"error: The sandbox is not in sync with the Podfile.lock. Run 'pod install' or update your CocoaPods installation.\" >&2\n    exit 1\nfi\n# This output is used by Xcode 'outputs' to avoid re-running this script phase.\necho \"SUCCESS\" > \"${SCRIPT_OUTPUT_FILE_0}\"\n";
			showEnvVarsInLog = 0;
		};
/* End PBXShellScriptBuildPhase section */

/* Begin PBXSourcesBuildPhase section */
		7414BDB62BF50753003E242C /* Sources */ = {
			isa = PBXSourcesBuildPhase;
			buildActionMask = 2147483647;
			files = (
				7414BDC02BF50753003E242C /* ContentView.swift in Sources */,
				746820C12BF647C600CB4015 /* ModelUtils.swift in Sources */,
				7468210E2C06018900CB4015 /* PianoRollScene.swift in Sources */,
				7414BDBE2BF50753003E242C /* PianoTranscriberApp.swift in Sources */,
				746820E12BFCE79600CB4015 /* AudioFilePicker.swift in Sources */,
				746821102C06095F00CB4015 /* PianoRollView.swift in Sources */,
				746821092C0493F100CB4015 /* InferenceProgressView.swift in Sources */,
				74E3C7382C17558D007FD68C /* Audio2Midi.mlpackage in Sources */,
				746821122C076D8B00CB4015 /* AudioManager.swift in Sources */,
				746820B82BF5097D00CB4015 /* ModelManager.swift in Sources */,
				74E3C7362C17353A007FD68C /* FileExporterView.swift in Sources */,
				74B617F42C19E6E00099BF75 /* PianoRollViewModel.swift in Sources */,
			);
			runOnlyForDeploymentPostprocessing = 0;
		};
		7414BDC62BF50755003E242C /* Sources */ = {
			isa = PBXSourcesBuildPhase;
			buildActionMask = 2147483647;
			files = (
				7414BDCF2BF50755003E242C /* PianoTranscriberTests.swift in Sources */,
			);
			runOnlyForDeploymentPostprocessing = 0;
		};
		7414BDD02BF50755003E242C /* Sources */ = {
			isa = PBXSourcesBuildPhase;
			buildActionMask = 2147483647;
			files = (
				7414BDDB2BF50755003E242C /* PianoTranscriberUITestsLaunchTests.swift in Sources */,
				7414BDD92BF50755003E242C /* PianoTranscriberUITests.swift in Sources */,
			);
			runOnlyForDeploymentPostprocessing = 0;
		};
/* End PBXSourcesBuildPhase section */

/* Begin PBXTargetDependency section */
		7414BDCC2BF50755003E242C /* PBXTargetDependency */ = {
			isa = PBXTargetDependency;
			target = 7414BDB92BF50753003E242C /* PianoTranscriber */;
			targetProxy = 7414BDCB2BF50755003E242C /* PBXContainerItemProxy */;
		};
		7414BDD62BF50755003E242C /* PBXTargetDependency */ = {
			isa = PBXTargetDependency;
			target = 7414BDB92BF50753003E242C /* PianoTranscriber */;
			targetProxy = 7414BDD52BF50755003E242C /* PBXContainerItemProxy */;
		};
/* End PBXTargetDependency section */

/* Begin XCBuildConfiguration section */
		7414BDDC2BF50755003E242C /* Debug */ = {
			isa = XCBuildConfiguration;
			buildSettings = {
				ALWAYS_SEARCH_USER_PATHS = NO;
				ASSETCATALOG_COMPILER_GENERATE_SWIFT_ASSET_SYMBOL_EXTENSIONS = YES;
				CLANG_ANALYZER_NONNULL = YES;
				CLANG_ANALYZER_NUMBER_OBJECT_CONVERSION = YES_AGGRESSIVE;
				CLANG_CXX_LANGUAGE_STANDARD = "gnu++20";
				CLANG_ENABLE_MODULES = YES;
				CLANG_ENABLE_OBJC_ARC = YES;
				CLANG_ENABLE_OBJC_WEAK = YES;
				CLANG_WARN_BLOCK_CAPTURE_AUTORELEASING = YES;
				CLANG_WARN_BOOL_CONVERSION = YES;
				CLANG_WARN_COMMA = YES;
				CLANG_WARN_CONSTANT_CONVERSION = YES;
				CLANG_WARN_DEPRECATED_OBJC_IMPLEMENTATIONS = YES;
				CLANG_WARN_DIRECT_OBJC_ISA_USAGE = YES_ERROR;
				CLANG_WARN_DOCUMENTATION_COMMENTS = YES;
				CLANG_WARN_EMPTY_BODY = YES;
				CLANG_WARN_ENUM_CONVERSION = YES;
				CLANG_WARN_INFINITE_RECURSION = YES;
				CLANG_WARN_INT_CONVERSION = YES;
				CLANG_WARN_NON_LITERAL_NULL_CONVERSION = YES;
				CLANG_WARN_OBJC_IMPLICIT_RETAIN_SELF = YES;
				CLANG_WARN_OBJC_LITERAL_CONVERSION = YES;
				CLANG_WARN_OBJC_ROOT_CLASS = YES_ERROR;
				CLANG_WARN_QUOTED_INCLUDE_IN_FRAMEWORK_HEADER = YES;
				CLANG_WARN_RANGE_LOOP_ANALYSIS = YES;
				CLANG_WARN_STRICT_PROTOTYPES = YES;
				CLANG_WARN_SUSPICIOUS_MOVE = YES;
				CLANG_WARN_UNGUARDED_AVAILABILITY = YES_AGGRESSIVE;
				CLANG_WARN_UNREACHABLE_CODE = YES;
				CLANG_WARN__DUPLICATE_METHOD_MATCH = YES;
				COPY_PHASE_STRIP = NO;
				DEBUG_INFORMATION_FORMAT = dwarf;
				ENABLE_STRICT_OBJC_MSGSEND = YES;
				ENABLE_TESTABILITY = YES;
				ENABLE_USER_SCRIPT_SANDBOXING = NO;
				GCC_C_LANGUAGE_STANDARD = gnu17;
				GCC_DYNAMIC_NO_PIC = NO;
				GCC_NO_COMMON_BLOCKS = YES;
				GCC_OPTIMIZATION_LEVEL = 0;
				GCC_PREPROCESSOR_DEFINITIONS = (
					"DEBUG=1",
					"$(inherited)",
				);
				GCC_WARN_64_TO_32_BIT_CONVERSION = YES;
				GCC_WARN_ABOUT_RETURN_TYPE = YES_ERROR;
				GCC_WARN_UNDECLARED_SELECTOR = YES;
				GCC_WARN_UNINITIALIZED_AUTOS = YES_AGGRESSIVE;
				GCC_WARN_UNUSED_FUNCTION = YES;
				GCC_WARN_UNUSED_VARIABLE = YES;
				IPHONEOS_DEPLOYMENT_TARGET = 17.4;
				LOCALIZATION_PREFERS_STRING_CATALOGS = YES;
				MTL_ENABLE_DEBUG_INFO = INCLUDE_SOURCE;
				MTL_FAST_MATH = YES;
				ONLY_ACTIVE_ARCH = YES;
				SDKROOT = iphoneos;
				SWIFT_ACTIVE_COMPILATION_CONDITIONS = "DEBUG $(inherited)";
				SWIFT_OPTIMIZATION_LEVEL = "-Onone";
			};
			name = Debug;
		};
		7414BDDD2BF50755003E242C /* Release */ = {
			isa = XCBuildConfiguration;
			buildSettings = {
				ALWAYS_SEARCH_USER_PATHS = NO;
				ASSETCATALOG_COMPILER_GENERATE_SWIFT_ASSET_SYMBOL_EXTENSIONS = YES;
				CLANG_ANALYZER_NONNULL = YES;
				CLANG_ANALYZER_NUMBER_OBJECT_CONVERSION = YES_AGGRESSIVE;
				CLANG_CXX_LANGUAGE_STANDARD = "gnu++20";
				CLANG_ENABLE_MODULES = YES;
				CLANG_ENABLE_OBJC_ARC = YES;
				CLANG_ENABLE_OBJC_WEAK = YES;
				CLANG_WARN_BLOCK_CAPTURE_AUTORELEASING = YES;
				CLANG_WARN_BOOL_CONVERSION = YES;
				CLANG_WARN_COMMA = YES;
				CLANG_WARN_CONSTANT_CONVERSION = YES;
				CLANG_WARN_DEPRECATED_OBJC_IMPLEMENTATIONS = YES;
				CLANG_WARN_DIRECT_OBJC_ISA_USAGE = YES_ERROR;
				CLANG_WARN_DOCUMENTATION_COMMENTS = YES;
				CLANG_WARN_EMPTY_BODY = YES;
				CLANG_WARN_ENUM_CONVERSION = YES;
				CLANG_WARN_INFINITE_RECURSION = YES;
				CLANG_WARN_INT_CONVERSION = YES;
				CLANG_WARN_NON_LITERAL_NULL_CONVERSION = YES;
				CLANG_WARN_OBJC_IMPLICIT_RETAIN_SELF = YES;
				CLANG_WARN_OBJC_LITERAL_CONVERSION = YES;
				CLANG_WARN_OBJC_ROOT_CLASS = YES_ERROR;
				CLANG_WARN_QUOTED_INCLUDE_IN_FRAMEWORK_HEADER = YES;
				CLANG_WARN_RANGE_LOOP_ANALYSIS = YES;
				CLANG_WARN_STRICT_PROTOTYPES = YES;
				CLANG_WARN_SUSPICIOUS_MOVE = YES;
				CLANG_WARN_UNGUARDED_AVAILABILITY = YES_AGGRESSIVE;
				CLANG_WARN_UNREACHABLE_CODE = YES;
				CLANG_WARN__DUPLICATE_METHOD_MATCH = YES;
				COPY_PHASE_STRIP = NO;
				DEBUG_INFORMATION_FORMAT = "dwarf-with-dsym";
				ENABLE_NS_ASSERTIONS = NO;
				ENABLE_STRICT_OBJC_MSGSEND = YES;
				ENABLE_USER_SCRIPT_SANDBOXING = NO;
				GCC_C_LANGUAGE_STANDARD = gnu17;
				GCC_NO_COMMON_BLOCKS = YES;
				GCC_WARN_64_TO_32_BIT_CONVERSION = YES;
				GCC_WARN_ABOUT_RETURN_TYPE = YES_ERROR;
				GCC_WARN_UNDECLARED_SELECTOR = YES;
				GCC_WARN_UNINITIALIZED_AUTOS = YES_AGGRESSIVE;
				GCC_WARN_UNUSED_FUNCTION = YES;
				GCC_WARN_UNUSED_VARIABLE = YES;
				IPHONEOS_DEPLOYMENT_TARGET = 17.4;
				LOCALIZATION_PREFERS_STRING_CATALOGS = YES;
				MTL_ENABLE_DEBUG_INFO = NO;
				MTL_FAST_MATH = YES;
				SDKROOT = iphoneos;
				SWIFT_COMPILATION_MODE = wholemodule;
				VALIDATE_PRODUCT = YES;
			};
			name = Release;
		};
		7414BDDF2BF50755003E242C /* Debug */ = {
			isa = XCBuildConfiguration;
			baseConfigurationReference = 03134EB649542C1BDCFAB008 /* Pods-PianoTranscriber.debug.xcconfig */;
			buildSettings = {
				ASSETCATALOG_COMPILER_APPICON_NAME = AppIcon;
				ASSETCATALOG_COMPILER_GLOBAL_ACCENT_COLOR_NAME = AccentColor;
				CLANG_ENABLE_MODULES = YES;
				CODE_SIGN_STYLE = Automatic;
				CURRENT_PROJECT_VERSION = 1;
				DEVELOPMENT_ASSET_PATHS = "\"PianoTranscriber/Preview Content\"";
				DEVELOPMENT_TEAM = CTUVWBX944;
				ENABLE_PREVIEWS = YES;
				GENERATE_INFOPLIST_FILE = YES;
				INFOPLIST_FILE = PianoTranscriber/Info.plist;
				INFOPLIST_KEY_CFBundleDisplayName = "Piano Transcriber";
				INFOPLIST_KEY_LSApplicationCategoryType = "public.app-category.music";
				INFOPLIST_KEY_UIApplicationSceneManifest_Generation = YES;
				INFOPLIST_KEY_UIApplicationSupportsIndirectInputEvents = YES;
				INFOPLIST_KEY_UISupportedInterfaceOrientations = UIInterfaceOrientationPortrait;
				INFOPLIST_KEY_UISupportedInterfaceOrientations_iPad = "UIInterfaceOrientationLandscapeLeft UIInterfaceOrientationLandscapeRight UIInterfaceOrientationPortrait UIInterfaceOrientationPortraitUpsideDown";
				LD_RUNPATH_SEARCH_PATHS = (
					"$(inherited)",
					"@executable_path/Frameworks",
				);
				LIBRARY_SEARCH_PATHS = (
					"$(inherited)",
					"$(PROJECT_DIR)",
				);
				MARKETING_VERSION = 1.0;
				PRODUCT_BUNDLE_IDENTIFIER = com.kappertech.PianoTranscriber;
				PRODUCT_NAME = "$(TARGET_NAME)";
				SWIFT_EMIT_LOC_STRINGS = YES;
				SWIFT_OBJC_BRIDGING_HEADER = "PianoTranscriber/PianoTranscriber-Bridging-Header.h";
				SWIFT_OPTIMIZATION_LEVEL = "-Onone";
				SWIFT_VERSION = 5.0;
				TARGETED_DEVICE_FAMILY = "1,2";
			};
			name = Debug;
		};
		7414BDE02BF50755003E242C /* Release */ = {
			isa = XCBuildConfiguration;
			baseConfigurationReference = A01138D705FC6425CBB9A2B5 /* Pods-PianoTranscriber.release.xcconfig */;
			buildSettings = {
				ASSETCATALOG_COMPILER_APPICON_NAME = AppIcon;
				ASSETCATALOG_COMPILER_GLOBAL_ACCENT_COLOR_NAME = AccentColor;
				CLANG_ENABLE_MODULES = YES;
				CODE_SIGN_STYLE = Automatic;
				CURRENT_PROJECT_VERSION = 1;
				DEVELOPMENT_ASSET_PATHS = "\"PianoTranscriber/Preview Content\"";
				DEVELOPMENT_TEAM = CTUVWBX944;
				ENABLE_PREVIEWS = YES;
				EXCLUDED_ARCHS = "";
				GENERATE_INFOPLIST_FILE = YES;
				INFOPLIST_FILE = PianoTranscriber/Info.plist;
				INFOPLIST_KEY_CFBundleDisplayName = "Piano Transcriber";
				INFOPLIST_KEY_LSApplicationCategoryType = "public.app-category.music";
				INFOPLIST_KEY_UIApplicationSceneManifest_Generation = YES;
				INFOPLIST_KEY_UIApplicationSupportsIndirectInputEvents = YES;
				INFOPLIST_KEY_UISupportedInterfaceOrientations = UIInterfaceOrientationPortrait;
				INFOPLIST_KEY_UISupportedInterfaceOrientations_iPad = "UIInterfaceOrientationLandscapeLeft UIInterfaceOrientationLandscapeRight UIInterfaceOrientationPortrait UIInterfaceOrientationPortraitUpsideDown";
				LD_RUNPATH_SEARCH_PATHS = (
					"$(inherited)",
					"@executable_path/Frameworks",
				);
				LIBRARY_SEARCH_PATHS = (
					"$(inherited)",
					"$(PROJECT_DIR)",
				);
				MARKETING_VERSION = 1.0;
				PRODUCT_BUNDLE_IDENTIFIER = com.kappertech.PianoTranscriber;
				PRODUCT_NAME = "$(TARGET_NAME)";
				SWIFT_EMIT_LOC_STRINGS = YES;
				SWIFT_OBJC_BRIDGING_HEADER = "PianoTranscriber/PianoTranscriber-Bridging-Header.h";
				SWIFT_VERSION = 5.0;
				TARGETED_DEVICE_FAMILY = "1,2";
			};
			name = Release;
		};
		7414BDE22BF50755003E242C /* Debug */ = {
			isa = XCBuildConfiguration;
			buildSettings = {
				ALWAYS_EMBED_SWIFT_STANDARD_LIBRARIES = YES;
				BUNDLE_LOADER = "$(TEST_HOST)";
				CODE_SIGN_STYLE = Automatic;
				CURRENT_PROJECT_VERSION = 1;
				DEVELOPMENT_TEAM = CTUVWBX944;
				GENERATE_INFOPLIST_FILE = YES;
				IPHONEOS_DEPLOYMENT_TARGET = 17.4;
				MARKETING_VERSION = 1.0;
				PRODUCT_BUNDLE_IDENTIFIER = com.knielsen.PianoTranscriberTests;
				PRODUCT_NAME = "$(TARGET_NAME)";
				SWIFT_EMIT_LOC_STRINGS = NO;
				SWIFT_VERSION = 5.0;
				TARGETED_DEVICE_FAMILY = "1,2";
				TEST_HOST = "$(BUILT_PRODUCTS_DIR)/PianoTranscriber.app/$(BUNDLE_EXECUTABLE_FOLDER_PATH)/PianoTranscriber";
			};
			name = Debug;
		};
		7414BDE32BF50755003E242C /* Release */ = {
			isa = XCBuildConfiguration;
			buildSettings = {
				ALWAYS_EMBED_SWIFT_STANDARD_LIBRARIES = YES;
				BUNDLE_LOADER = "$(TEST_HOST)";
				CODE_SIGN_STYLE = Automatic;
				CURRENT_PROJECT_VERSION = 1;
				DEVELOPMENT_TEAM = CTUVWBX944;
				GENERATE_INFOPLIST_FILE = YES;
				IPHONEOS_DEPLOYMENT_TARGET = 17.4;
				MARKETING_VERSION = 1.0;
				PRODUCT_BUNDLE_IDENTIFIER = com.knielsen.PianoTranscriberTests;
				PRODUCT_NAME = "$(TARGET_NAME)";
				SWIFT_EMIT_LOC_STRINGS = NO;
				SWIFT_VERSION = 5.0;
				TARGETED_DEVICE_FAMILY = "1,2";
				TEST_HOST = "$(BUILT_PRODUCTS_DIR)/PianoTranscriber.app/$(BUNDLE_EXECUTABLE_FOLDER_PATH)/PianoTranscriber";
			};
			name = Release;
		};
		7414BDE52BF50755003E242C /* Debug */ = {
			isa = XCBuildConfiguration;
			buildSettings = {
				ALWAYS_EMBED_SWIFT_STANDARD_LIBRARIES = YES;
				CODE_SIGN_STYLE = Automatic;
				CURRENT_PROJECT_VERSION = 1;
				DEVELOPMENT_TEAM = CTUVWBX944;
				GENERATE_INFOPLIST_FILE = YES;
				MARKETING_VERSION = 1.0;
				PRODUCT_BUNDLE_IDENTIFIER = com.knielsen.PianoTranscriberUITests;
				PRODUCT_NAME = "$(TARGET_NAME)";
				SWIFT_EMIT_LOC_STRINGS = NO;
				SWIFT_VERSION = 5.0;
				TARGETED_DEVICE_FAMILY = "1,2";
				TEST_TARGET_NAME = PianoTranscriber;
			};
			name = Debug;
		};
		7414BDE62BF50755003E242C /* Release */ = {
			isa = XCBuildConfiguration;
			buildSettings = {
				ALWAYS_EMBED_SWIFT_STANDARD_LIBRARIES = YES;
				CODE_SIGN_STYLE = Automatic;
				CURRENT_PROJECT_VERSION = 1;
				DEVELOPMENT_TEAM = CTUVWBX944;
				GENERATE_INFOPLIST_FILE = YES;
				MARKETING_VERSION = 1.0;
				PRODUCT_BUNDLE_IDENTIFIER = com.knielsen.PianoTranscriberUITests;
				PRODUCT_NAME = "$(TARGET_NAME)";
				SWIFT_EMIT_LOC_STRINGS = NO;
				SWIFT_VERSION = 5.0;
				TARGETED_DEVICE_FAMILY = "1,2";
				TEST_TARGET_NAME = PianoTranscriber;
			};
			name = Release;
		};
/* End XCBuildConfiguration section */

/* Begin XCConfigurationList section */
		7414BDB52BF50753003E242C /* Build configuration list for PBXProject "PianoTranscriber" */ = {
			isa = XCConfigurationList;
			buildConfigurations = (
				7414BDDC2BF50755003E242C /* Debug */,
				7414BDDD2BF50755003E242C /* Release */,
			);
			defaultConfigurationIsVisible = 0;
			defaultConfigurationName = Release;
		};
		7414BDDE2BF50755003E242C /* Build configuration list for PBXNativeTarget "PianoTranscriber" */ = {
			isa = XCConfigurationList;
			buildConfigurations = (
				7414BDDF2BF50755003E242C /* Debug */,
				7414BDE02BF50755003E242C /* Release */,
			);
			defaultConfigurationIsVisible = 0;
			defaultConfigurationName = Release;
		};
		7414BDE12BF50755003E242C /* Build configuration list for PBXNativeTarget "PianoTranscriberTests" */ = {
			isa = XCConfigurationList;
			buildConfigurations = (
				7414BDE22BF50755003E242C /* Debug */,
				7414BDE32BF50755003E242C /* Release */,
			);
			defaultConfigurationIsVisible = 0;
			defaultConfigurationName = Release;
		};
		7414BDE42BF50755003E242C /* Build configuration list for PBXNativeTarget "PianoTranscriberUITests" */ = {
			isa = XCConfigurationList;
			buildConfigurations = (
				7414BDE52BF50755003E242C /* Debug */,
				7414BDE62BF50755003E242C /* Release */,
			);
			defaultConfigurationIsVisible = 0;
			defaultConfigurationName = Release;
		};
/* End XCConfigurationList section */
	};
	rootObject = 7414BDB22BF50753003E242C /* Project object */;
}
